
Microsoft Visual Studio Solution File, Format Version 11.00
# Visual C++ Express 2010
Project("{8BC9CEB8-8B4A-11D0-8D11-00A0C91BC942}") = "HCShell", "HCShell\HCShell.vcxproj", "{3EE0C096-25BA-41AA-AC42-54419AD6E87B}"
EndProject
Global
	GlobalSection(SolutionConfigurationPlatforms) = preSolution
		Debug|Win32 = Debug|Win32
		Release|Win32 = Release|Win32
	EndGlobalSection
	GlobalSection(ProjectConfigurationPlatforms) = postSolution
		{3EE0C096-25BA-41AA-AC42-54419AD6E87B}.Debug|Win32.ActiveCfg = Debug|Win32
		{3EE0C096-25BA-41AA-AC42-54419AD6E87B}.Debug|Win32.Build.0 = Debug|Win32
		{3EE0C096-25BA-41AA-AC42-54419AD6E87B}.Release|Win32.ActiveCfg = Release|Win32
		{3EE0C096-25BA-41AA-AC42-54419AD6E87B}.Release|Win32.Build.0 = Release|Win32
	EndGlobalSection
	GlobalSection(SolutionProperties) = preSolution
		HideSolutionNode = FALSE
	EndGlobalSection
EndGlobal
