
Microsoft Visual Studio Solution File, Format Version 11.00
# Visual C++ Express 2010
Project("{8BC9CEB8-8B4A-11D0-8D11-00A0C91BC942}") = "GradingIO", "GradingIO\GradingIO.vcxproj", "{EB057526-48EF-46C9-BA21-5DCCA27CC0D0}"
EndProject
Global
	GlobalSection(SolutionConfigurationPlatforms) = preSolution
		Debug|Win32 = Debug|Win32
		Release|Win32 = Release|Win32
	EndGlobalSection
	GlobalSection(ProjectConfigurationPlatforms) = postSolution
		{EB057526-48EF-46C9-BA21-5DCCA27CC0D0}.Debug|Win32.ActiveCfg = Release|Win32
		{EB057526-48EF-46C9-BA21-5DCCA27CC0D0}.Debug|Win32.Build.0 = Release|Win32
		{EB057526-48EF-46C9-BA21-5DCCA27CC0D0}.Release|Win32.ActiveCfg = Release|Win32
		{EB057526-48EF-46C9-BA21-5DCCA27CC0D0}.Release|Win32.Build.0 = Release|Win32
	EndGlobalSection
	GlobalSection(SolutionProperties) = preSolution
		HideSolutionNode = FALSE
	EndGlobalSection
EndGlobal
