
Microsoft Visual Studio Solution File, Format Version 11.00
# Visual C++ Express 2010
Project("{8BC9CEB8-8B4A-11D0-8D11-00A0C91BC942}") = "HiddenCompile", "HiddenCompile\HiddenCompile.vcxproj", "{BBF7F52B-00F8-4D68-95A7-124DEF91CCC6}"
EndProject
Global
	GlobalSection(SolutionConfigurationPlatforms) = preSolution
		Debug|Win32 = Debug|Win32
		Release|Win32 = Release|Win32
	EndGlobalSection
	GlobalSection(ProjectConfigurationPlatforms) = postSolution
		{BBF7F52B-00F8-4D68-95A7-124DEF91CCC6}.Debug|Win32.ActiveCfg = Release|Win32
		{BBF7F52B-00F8-4D68-95A7-124DEF91CCC6}.Debug|Win32.Build.0 = Release|Win32
		{BBF7F52B-00F8-4D68-95A7-124DEF91CCC6}.Release|Win32.ActiveCfg = Release|Win32
		{BBF7F52B-00F8-4D68-95A7-124DEF91CCC6}.Release|Win32.Build.0 = Release|Win32
	EndGlobalSection
	GlobalSection(SolutionProperties) = preSolution
		HideSolutionNode = FALSE
	EndGlobalSection
EndGlobal
